
Microsoft Visual Studio Solution File, Format Version 12.00
# Visual Studio 15
VisualStudioVersion = 15.0.28010.2048
MinimumVisualStudioVersion = 10.0.40219.1
Project("{9A19103F-16F7-4668-BE54-9A1E7A4F7556}") = "DevTaskApi", "DevTaskApi\DevTaskApi.csproj", "{5D42648B-70BB-4F7B-8955-F728DB0B0071}"
EndProject
Project("{9A19103F-16F7-4668-BE54-9A1E7A4F7556}") = "TestConsole", "TestConsole\TestConsole.csproj", "{7497F52A-48DF-4E18-81AE-737E7B81EEFA}"
EndProject
Project("{FAE04EC0-301F-11D3-BF4B-00C04F79EFBC}") = "DevTaskUI", "DevTaskUI\DevTaskUI.csproj", "{A81A81A0-F98F-4EE8-BAC6-E6409090A099}"
EndProject
Global
	GlobalSection(SolutionConfigurationPlatforms) = preSolution
		Debug|Any CPU = Debug|Any CPU
		Release|Any CPU = Release|Any CPU
	EndGlobalSection
	GlobalSection(ProjectConfigurationPlatforms) = postSolution
		{5D42648B-70BB-4F7B-8955-F728DB0B0071}.Debug|Any CPU.ActiveCfg = Debug|Any CPU
		{5D42648B-70BB-4F7B-8955-F728DB0B0071}.Debug|Any CPU.Build.0 = Debug|Any CPU
		{5D42648B-70BB-4F7B-8955-F728DB0B0071}.Release|Any CPU.ActiveCfg = Release|Any CPU
		{5D42648B-70BB-4F7B-8955-F728DB0B0071}.Release|Any CPU.Build.0 = Release|Any CPU
		{7497F52A-48DF-4E18-81AE-737E7B81EEFA}.Debug|Any CPU.ActiveCfg = Debug|Any CPU
		{7497F52A-48DF-4E18-81AE-737E7B81EEFA}.Debug|Any CPU.Build.0 = Debug|Any CPU
		{7497F52A-48DF-4E18-81AE-737E7B81EEFA}.Release|Any CPU.ActiveCfg = Release|Any CPU
		{7497F52A-48DF-4E18-81AE-737E7B81EEFA}.Release|Any CPU.Build.0 = Release|Any CPU
		{A81A81A0-F98F-4EE8-BAC6-E6409090A099}.Debug|Any CPU.ActiveCfg = Debug|Any CPU
		{A81A81A0-F98F-4EE8-BAC6-E6409090A099}.Debug|Any CPU.Build.0 = Debug|Any CPU
		{A81A81A0-F98F-4EE8-BAC6-E6409090A099}.Release|Any CPU.ActiveCfg = Release|Any CPU
		{A81A81A0-F98F-4EE8-BAC6-E6409090A099}.Release|Any CPU.Build.0 = Release|Any CPU
	EndGlobalSection
	GlobalSection(SolutionProperties) = preSolution
		HideSolutionNode = FALSE
	EndGlobalSection
	GlobalSection(ExtensibilityGlobals) = postSolution
		SolutionGuid = {DCFE75E2-B22A-4161-B5CC-F239EE3425EA}
	EndGlobalSection
EndGlobal
